
Microsoft Visual Studio Solution File, Format Version 9.00
# Visual Studio 2005
Project("{8BC9CEB8-8B4A-11D0-8D11-00A0C91BC942}") = "led_tool", "led_tool.vcproj", "{F2B15871-A729-46BC-A92F-8CC5C0FCA4CD}"
EndProject
Global
	GlobalSection(SolutionConfigurationPlatforms) = preSolution
		Debug|Win32 = Debug|Win32
		Release|Win32 = Release|Win32
	EndGlobalSection
	GlobalSection(ProjectConfigurationPlatforms) = postSolution
		{F2B15871-A729-46BC-A92F-8CC5C0FCA4CD}.Debug|Win32.ActiveCfg = Debug|Win32
		{F2B15871-A729-46BC-A92F-8CC5C0FCA4CD}.Debug|Win32.Build.0 = Debug|Win32
		{F2B15871-A729-46BC-A92F-8CC5C0FCA4CD}.Release|Win32.ActiveCfg = Release|Win32
		{F2B15871-A729-46BC-A92F-8CC5C0FCA4CD}.Release|Win32.Build.0 = Release|Win32
	EndGlobalSection
	GlobalSection(SolutionProperties) = preSolution
		HideSolutionNode = FALSE
	EndGlobalSection
EndGlobal
